
Microsoft Visual Studio Solution File, Format Version 12.00
# Visual Studio Version 17
VisualStudioVersion = 17.12.35707.178 d17.12
MinimumVisualStudioVersion = 10.0.40219.1
Project("{FAE04EC0-301F-11D3-BF4B-00C04F79EFBC}") = "RegistraionApp", "RegistraionApp.csproj", "{3EE0A42A-13A2-430A-AD00-A6AC071E79CC}"
EndProject
Project("{FAE04EC0-301F-11D3-BF4B-00C04F79EFBC}") = "BusinessLayer1", "..\BusinessLayer1\BusinessLayer1.csproj", "{EFF4B2CB-31D7-4B81-96FF-64772EAA6AF1}"
EndProject
Project("{FAE04EC0-301F-11D3-BF4B-00C04F79EFBC}") = "RepositoryLayer1", "..\RepositoryLayer1\RepositoryLayer1.csproj", "{454A58FF-5C26-46EE-B667-D9018C472C24}"
EndProject
Project("{FAE04EC0-301F-11D3-BF4B-00C04F79EFBC}") = "ModelLayer1", "..\ModelLayer1\ModelLayer1.csproj", "{73AC8DB5-31B4-4B00-8088-F2194856E9CF}"
EndProject
Global
	GlobalSection(SolutionConfigurationPlatforms) = preSolution
		Debug|Any CPU = Debug|Any CPU
		Release|Any CPU = Release|Any CPU
	EndGlobalSection
	GlobalSection(ProjectConfigurationPlatforms) = postSolution
		{3EE0A42A-13A2-430A-AD00-A6AC071E79CC}.Debug|Any CPU.ActiveCfg = Debug|Any CPU
		{3EE0A42A-13A2-430A-AD00-A6AC071E79CC}.Debug|Any CPU.Build.0 = Debug|Any CPU
		{3EE0A42A-13A2-430A-AD00-A6AC071E79CC}.Release|Any CPU.ActiveCfg = Release|Any CPU
		{3EE0A42A-13A2-430A-AD00-A6AC071E79CC}.Release|Any CPU.Build.0 = Release|Any CPU
		{EFF4B2CB-31D7-4B81-96FF-64772EAA6AF1}.Debug|Any CPU.ActiveCfg = Debug|Any CPU
		{EFF4B2CB-31D7-4B81-96FF-64772EAA6AF1}.Debug|Any CPU.Build.0 = Debug|Any CPU
		{EFF4B2CB-31D7-4B81-96FF-64772EAA6AF1}.Release|Any CPU.ActiveCfg = Release|Any CPU
		{EFF4B2CB-31D7-4B81-96FF-64772EAA6AF1}.Release|Any CPU.Build.0 = Release|Any CPU
		{454A58FF-5C26-46EE-B667-D9018C472C24}.Debug|Any CPU.ActiveCfg = Debug|Any CPU
		{454A58FF-5C26-46EE-B667-D9018C472C24}.Debug|Any CPU.Build.0 = Debug|Any CPU
		{454A58FF-5C26-46EE-B667-D9018C472C24}.Release|Any CPU.ActiveCfg = Release|Any CPU
		{454A58FF-5C26-46EE-B667-D9018C472C24}.Release|Any CPU.Build.0 = Release|Any CPU
		{73AC8DB5-31B4-4B00-8088-F2194856E9CF}.Debug|Any CPU.ActiveCfg = Debug|Any CPU
		{73AC8DB5-31B4-4B00-8088-F2194856E9CF}.Debug|Any CPU.Build.0 = Debug|Any CPU
		{73AC8DB5-31B4-4B00-8088-F2194856E9CF}.Release|Any CPU.ActiveCfg = Release|Any CPU
		{73AC8DB5-31B4-4B00-8088-F2194856E9CF}.Release|Any CPU.Build.0 = Release|Any CPU
	EndGlobalSection
	GlobalSection(SolutionProperties) = preSolution
		HideSolutionNode = FALSE
	EndGlobalSection
EndGlobal
